{
  "name": "pcm-convert",
  "version": "3.0.1",
  "lockfileVersion": 3,
  "requires": true,
  "packages": {
    "": {
      "name": "pcm-convert",
      "version": "3.0.1",
      "license": "MIT",
      "devDependencies": {
        "audio-buffer": "^7.0.0"
      }
    },
    "node_modules/audio-buffer": {
      "version": "7.3.1",
      "resolved": "https://registry.npmjs.org/audio-buffer/-/audio-buffer-7.3.1.tgz",
      "integrity": "sha512-WXYfZb6hHPGFZnz+NJBs0Gt+gYA8xN5TS9yrk7o9TJEHdO9nsN0z0pQ+6uGYQQGW7AQjNgJukf9J7n3F4ARTqw==",
      "dev": true,
      "license": "MIT"
    }
  }
}
