{
  "name": "pcm-convert",
  "version": "2.0.0",
  "lockfileVersion": 3,
  "requires": true,
  "packages": {
    "": {
      "name": "pcm-convert",
      "version": "2.0.0",
      "license": "MIT",
      "devDependencies": {
        "audio-buffer": "^6.0.0"
      }
    },
    "node_modules/audio-buffer": {
      "version": "6.0.0",
      "resolved": "https://registry.npmjs.org/audio-buffer/-/audio-buffer-6.0.0.tgz",
      "integrity": "sha512-PSGyVgCqHO+5JTRjM0QbGqom7WDUbjfL3r0gJPMOITxyid5DiEaQjcG3WhB3bui5ZaGLcp0MIC4iigDV77u2Dg==",
      "dev": true,
      "license": "MIT"
    }
  }
}
